// !$*UTF8*$!
{
	archiveVersion = 1;
	classes = {
	};
	objectVersion = 46;
	objects = {

/* Begin PBXBuildFile section */
		3D38C1EF1B5449D7007B15D1 /* AppDelegate.swift in Sources */ = {isa = PBXBuildFile; fileRef = 3D38C1EE1B5449D7007B15D1 /* AppDelegate.swift */; };
		3D38C1F31B5449D7007B15D1 /* GameScene.swift in Sources */ = {isa = PBXBuildFile; fileRef = 3D38C1F21B5449D7007B15D1 /* GameScene.swift */; };
		3D38C1F51B5449D7007B15D1 /* GameViewController.swift in Sources */ = {isa = PBXBuildFile; fileRef = 3D38C1F41B5449D7007B15D1 /* GameViewController.swift */; };
		3D38C1F81B5449D7007B15D1 /* Main.storyboard in Resources */ = {isa = PBXBuildFile; fileRef = 3D38C1F61B5449D7007B15D1 /* Main.storyboard */; };
		3D38C1FA1B5449D7007B15D1 /* Images.xcassets in Resources */ = {isa = PBXBuildFile; fileRef = 3D38C1F91B5449D7007B15D1 /* Images.xcassets */; };
		3D38C1FD1B5449D7007B15D1 /* LaunchScreen.xib in Resources */ = {isa = PBXBuildFile; fileRef = 3D38C1FB1B5449D7007B15D1 /* LaunchScreen.xib */; };
		3D38C2091B5449D7007B15D1 /* ShaderSceneTransitionExampleTests.swift in Sources */ = {isa = PBXBuildFile; fileRef = 3D38C2081B5449D7007B15D1 /* ShaderSceneTransitionExampleTests.swift */; };
		3D38C2131B56B2F1007B15D1 /* GameScene2.swift in Sources */ = {isa = PBXBuildFile; fileRef = 3D38C2121B56B2F1007B15D1 /* GameScene2.swift */; };
		3D38C2151B56B352007B15D1 /* SKScene+ShaderTransition.swift in Sources */ = {isa = PBXBuildFile; fileRef = 3D38C2141B56B352007B15D1 /* SKScene+ShaderTransition.swift */; };
		3D38C21B1B56B969007B15D1 /* retro_transition_fade_from_centre.fsh in Resources */ = {isa = PBXBuildFile; fileRef = 3D38C2171B56B969007B15D1 /* retro_transition_fade_from_centre.fsh */; };
		3D38C21C1B56B969007B15D1 /* retro_transition_fade_from_top_left.fsh in Resources */ = {isa = PBXBuildFile; fileRef = 3D38C2181B56B969007B15D1 /* retro_transition_fade_from_top_left.fsh */; };
		3D38C21D1B56B969007B15D1 /* retro_transition_fade_from_top.fsh in Resources */ = {isa = PBXBuildFile; fileRef = 3D38C2191B56B969007B15D1 /* retro_transition_fade_from_top.fsh */; };
		3D38C21E1B56B969007B15D1 /* retro_transition_fade_to_centre.fsh in Resources */ = {isa = PBXBuildFile; fileRef = 3D38C21A1B56B969007B15D1 /* retro_transition_fade_to_centre.fsh */; };
/* End PBXBuildFile section */

/* Begin PBXContainerItemProxy section */
		3D38C2031B5449D7007B15D1 /* PBXContainerItemProxy */ = {
			isa = PBXContainerItemProxy;
			containerPortal = 3D38C1E11B5449D7007B15D1 /* Project object */;
			proxyType = 1;
			remoteGlobalIDString = 3D38C1E81B5449D7007B15D1;
			remoteInfo = ShaderSceneTransitionExample;
		};
/* End PBXContainerItemProxy section */

/* Begin PBXFileReference section */
		3D38C1E91B5449D7007B15D1 /* ShaderSceneTransitionExample.app */ = {isa = PBXFileReference; explicitFileType = wrapper.application; includeInIndex = 0; path = ShaderSceneTransitionExample.app; sourceTree = BUILT_PRODUCTS_DIR; };
		3D38C1ED1B5449D7007B15D1 /* Info.plist */ = {isa = PBXFileReference; lastKnownFileType = text.plist.xml; path = Info.plist; sourceTree = "<group>"; };
		3D38C1EE1B5449D7007B15D1 /* AppDelegate.swift */ = {isa = PBXFileReference; lastKnownFileType = sourcecode.swift; path = AppDelegate.swift; sourceTree = "<group>"; };
		3D38C1F21B5449D7007B15D1 /* GameScene.swift */ = {isa = PBXFileReference; lastKnownFileType = sourcecode.swift; path = GameScene.swift; sourceTree = "<group>"; };
		3D38C1F41B5449D7007B15D1 /* GameViewController.swift */ = {isa = PBXFileReference; lastKnownFileType = sourcecode.swift; path = GameViewController.swift; sourceTree = "<group>"; };
		3D38C1F71B5449D7007B15D1 /* Base */ = {isa = PBXFileReference; lastKnownFileType = file.storyboard; name = Base; path = Base.lproj/Main.storyboard; sourceTree = "<group>"; };
		3D38C1F91B5449D7007B15D1 /* Images.xcassets */ = {isa = PBXFileReference; lastKnownFileType = folder.assetcatalog; path = Images.xcassets; sourceTree = "<group>"; };
		3D38C1FC1B5449D7007B15D1 /* Base */ = {isa = PBXFileReference; lastKnownFileType = file.xib; name = Base; path = Base.lproj/LaunchScreen.xib; sourceTree = "<group>"; };
		3D38C2021B5449D7007B15D1 /* ShaderSceneTransitionExampleTests.xctest */ = {isa = PBXFileReference; explicitFileType = wrapper.cfbundle; includeInIndex = 0; path = ShaderSceneTransitionExampleTests.xctest; sourceTree = BUILT_PRODUCTS_DIR; };
		3D38C2071B5449D7007B15D1 /* Info.plist */ = {isa = PBXFileReference; lastKnownFileType = text.plist.xml; path = Info.plist; sourceTree = "<group>"; };
		3D38C2081B5449D7007B15D1 /* ShaderSceneTransitionExampleTests.swift */ = {isa = PBXFileReference; lastKnownFileType = sourcecode.swift; path = ShaderSceneTransitionExampleTests.swift; sourceTree = "<group>"; };
		3D38C2121B56B2F1007B15D1 /* GameScene2.swift */ = {isa = PBXFileReference; fileEncoding = 4; lastKnownFileType = sourcecode.swift; path = GameScene2.swift; sourceTree = "<group>"; };
		3D38C2141B56B352007B15D1 /* SKScene+ShaderTransition.swift */ = {isa = PBXFileReference; fileEncoding = 4; lastKnownFileType = sourcecode.swift; path = "SKScene+ShaderTransition.swift"; sourceTree = "<group>"; };
		3D38C2171B56B969007B15D1 /* retro_transition_fade_from_centre.fsh */ = {isa = PBXFileReference; fileEncoding = 4; lastKnownFileType = sourcecode.glsl; path = retro_transition_fade_from_centre.fsh; sourceTree = "<group>"; };
		3D38C2181B56B969007B15D1 /* retro_transition_fade_from_top_left.fsh */ = {isa = PBXFileReference; fileEncoding = 4; lastKnownFileType = sourcecode.glsl; path = retro_transition_fade_from_top_left.fsh; sourceTree = "<group>"; };
		3D38C2191B56B969007B15D1 /* retro_transition_fade_from_top.fsh */ = {isa = PBXFileReference; fileEncoding = 4; lastKnownFileType = sourcecode.glsl; path = retro_transition_fade_from_top.fsh; sourceTree = "<group>"; };
		3D38C21A1B56B969007B15D1 /* retro_transition_fade_to_centre.fsh */ = {isa = PBXFileReference; fileEncoding = 4; lastKnownFileType = sourcecode.glsl; path = retro_transition_fade_to_centre.fsh; sourceTree = "<group>"; };
/* End PBXFileReference section */

/* Begin PBXFrameworksBuildPhase section */
		3D38C1E61B5449D7007B15D1 /* Frameworks */ = {
			isa = PBXFrameworksBuildPhase;
			buildActionMask = 2147483647;
			files = (
			);
			runOnlyForDeploymentPostprocessing = 0;
		};
		3D38C1FF1B5449D7007B15D1 /* Frameworks */ = {
			isa = PBXFrameworksBuildPhase;
			buildActionMask = 2147483647;
			files = (
			);
			runOnlyForDeploymentPostprocessing = 0;
		};
/* End PBXFrameworksBuildPhase section */

/* Begin PBXGroup section */
		3D38C1E01B5449D7007B15D1 = {
			isa = PBXGroup;
			children = (
				3D38C1EB1B5449D7007B15D1 /* ShaderSceneTransitionExample */,
				3D38C2051B5449D7007B15D1 /* ShaderSceneTransitionExampleTests */,
				3D38C1EA1B5449D7007B15D1 /* Products */,
			);
			sourceTree = "<group>";
		};
		3D38C1EA1B5449D7007B15D1 /* Products */ = {
			isa = PBXGroup;
			children = (
				3D38C1E91B5449D7007B15D1 /* ShaderSceneTransitionExample.app */,
				3D38C2021B5449D7007B15D1 /* ShaderSceneTransitionExampleTests.xctest */,
			);
			name = Products;
			sourceTree = "<group>";
		};
		3D38C1EB1B5449D7007B15D1 /* ShaderSceneTransitionExample */ = {
			isa = PBXGroup;
			children = (
				3D38C2161B56B946007B15D1 /* shaders */,
				3D38C1EE1B5449D7007B15D1 /* AppDelegate.swift */,
				3D38C1F21B5449D7007B15D1 /* GameScene.swift */,
				3D38C2121B56B2F1007B15D1 /* GameScene2.swift */,
				3D38C2141B56B352007B15D1 /* SKScene+ShaderTransition.swift */,
				3D38C1F41B5449D7007B15D1 /* GameViewController.swift */,
				3D38C1F61B5449D7007B15D1 /* Main.storyboard */,
				3D38C1F91B5449D7007B15D1 /* Images.xcassets */,
				3D38C1FB1B5449D7007B15D1 /* LaunchScreen.xib */,
				3D38C1EC1B5449D7007B15D1 /* Supporting Files */,
			);
			path = ShaderSceneTransitionExample;
			sourceTree = "<group>";
		};
		3D38C1EC1B5449D7007B15D1 /* Supporting Files */ = {
			isa = PBXGroup;
			children = (
				3D38C1ED1B5449D7007B15D1 /* Info.plist */,
			);
			name = "Supporting Files";
			sourceTree = "<group>";
		};
		3D38C2051B5449D7007B15D1 /* ShaderSceneTransitionExampleTests */ = {
			isa = PBXGroup;
			children = (
				3D38C2081B5449D7007B15D1 /* ShaderSceneTransitionExampleTests.swift */,
				3D38C2061B5449D7007B15D1 /* Supporting Files */,
			);
			path = ShaderSceneTransitionExampleTests;
			sourceTree = "<group>";
		};
		3D38C2061B5449D7007B15D1 /* Supporting Files */ = {
			isa = PBXGroup;
			children = (
				3D38C2071B5449D7007B15D1 /* Info.plist */,
			);
			name = "Supporting Files";
			sourceTree = "<group>";
		};
		3D38C2161B56B946007B15D1 /* shaders */ = {
			isa = PBXGroup;
			children = (
				3D38C2171B56B969007B15D1 /* retro_transition_fade_from_centre.fsh */,
				3D38C2181B56B969007B15D1 /* retro_transition_fade_from_top_left.fsh */,
				3D38C2191B56B969007B15D1 /* retro_transition_fade_from_top.fsh */,
				3D38C21A1B56B969007B15D1 /* retro_transition_fade_to_centre.fsh */,
			);
			name = shaders;
			sourceTree = "<group>";
		};
/* End PBXGroup section */

/* Begin PBXNativeTarget section */
		3D38C1E81B5449D7007B15D1 /* ShaderSceneTransitionExample */ = {
			isa = PBXNativeTarget;
			buildConfigurationList = 3D38C20C1B5449D7007B15D1 /* Build configuration list for PBXNativeTarget "ShaderSceneTransitionExample" */;
			buildPhases = (
				3D38C1E51B5449D7007B15D1 /* Sources */,
				3D38C1E61B5449D7007B15D1 /* Frameworks */,
				3D38C1E71B5449D7007B15D1 /* Resources */,
			);
			buildRules = (
			);
			dependencies = (
			);
			name = ShaderSceneTransitionExample;
			productName = ShaderSceneTransitionExample;
			productReference = 3D38C1E91B5449D7007B15D1 /* ShaderSceneTransitionExample.app */;
			productType = "com.apple.product-type.application";
		};
		3D38C2011B5449D7007B15D1 /* ShaderSceneTransitionExampleTests */ = {
			isa = PBXNativeTarget;
			buildConfigurationList = 3D38C20F1B5449D7007B15D1 /* Build configuration list for PBXNativeTarget "ShaderSceneTransitionExampleTests" */;
			buildPhases = (
				3D38C1FE1B5449D7007B15D1 /* Sources */,
				3D38C1FF1B5449D7007B15D1 /* Frameworks */,
				3D38C2001B5449D7007B15D1 /* Resources */,
			);
			buildRules = (
			);
			dependencies = (
				3D38C2041B5449D7007B15D1 /* PBXTargetDependency */,
			);
			name = ShaderSceneTransitionExampleTests;
			productName = ShaderSceneTransitionExampleTests;
			productReference = 3D38C2021B5449D7007B15D1 /* ShaderSceneTransitionExampleTests.xctest */;
			productType = "com.apple.product-type.bundle.unit-test";
		};
/* End PBXNativeTarget section */

/* Begin PBXProject section */
		3D38C1E11B5449D7007B15D1 /* Project object */ = {
			isa = PBXProject;
			attributes = {
				LastUpgradeCheck = 0640;
				ORGANIZATIONNAME = "Deon Botha";
				TargetAttributes = {
					3D38C1E81B5449D7007B15D1 = {
						CreatedOnToolsVersion = 6.4;
					};
					3D38C2011B5449D7007B15D1 = {
						CreatedOnToolsVersion = 6.4;
						TestTargetID = 3D38C1E81B5449D7007B15D1;
					};
				};
			};
			buildConfigurationList = 3D38C1E41B5449D7007B15D1 /* Build configuration list for PBXProject "ShaderSceneTransitionExample" */;
			compatibilityVersion = "Xcode 3.2";
			developmentRegion = English;
			hasScannedForEncodings = 0;
			knownRegions = (
				en,
				Base,
			);
			mainGroup = 3D38C1E01B5449D7007B15D1;
			productRefGroup = 3D38C1EA1B5449D7007B15D1 /* Products */;
			projectDirPath = "";
			projectRoot = "";
			targets = (
				3D38C1E81B5449D7007B15D1 /* ShaderSceneTransitionExample */,
				3D38C2011B5449D7007B15D1 /* ShaderSceneTransitionExampleTests */,
			);
		};
/* End PBXProject section */

/* Begin PBXResourcesBuildPhase section */
		3D38C1E71B5449D7007B15D1 /* Resources */ = {
			isa = PBXResourcesBuildPhase;
			buildActionMask = 2147483647;
			files = (
				3D38C21E1B56B969007B15D1 /* retro_transition_fade_to_centre.fsh in Resources */,
				3D38C21C1B56B969007B15D1 /* retro_transition_fade_from_top_left.fsh in Resources */,
				3D38C21B1B56B969007B15D1 /* retro_transition_fade_from_centre.fsh in Resources */,
				3D38C1FD1B5449D7007B15D1 /* LaunchScreen.xib in Resources */,
				3D38C1FA1B5449D7007B15D1 /* Images.xcassets in Resources */,
				3D38C1F81B5449D7007B15D1 /* Main.storyboard in Resources */,
				3D38C21D1B56B969007B15D1 /* retro_transition_fade_from_top.fsh in Resources */,
			);
			runOnlyForDeploymentPostprocessing = 0;
		};
		3D38C2001B5449D7007B15D1 /* Resources */ = {
			isa = PBXResourcesBuildPhase;
			buildActionMask = 2147483647;
			files = (
			);
			runOnlyForDeploymentPostprocessing = 0;
		};
/* End PBXResourcesBuildPhase section */

/* Begin PBXSourcesBuildPhase section */
		3D38C1E51B5449D7007B15D1 /* Sources */ = {
			isa = PBXSourcesBuildPhase;
			buildActionMask = 2147483647;
			files = (
				3D38C2151B56B352007B15D1 /* SKScene+ShaderTransition.swift in Sources */,
				3D38C1F31B5449D7007B15D1 /* GameScene.swift in Sources */,
				3D38C2131B56B2F1007B15D1 /* GameScene2.swift in Sources */,
				3D38C1F51B5449D7007B15D1 /* GameViewController.swift in Sources */,
				3D38C1EF1B5449D7007B15D1 /* AppDelegate.swift in Sources */,
			);
			runOnlyForDeploymentPostprocessing = 0;
		};
		3D38C1FE1B5449D7007B15D1 /* Sources */ = {
			isa = PBXSourcesBuildPhase;
			buildActionMask = 2147483647;
			files = (
				3D38C2091B5449D7007B15D1 /* ShaderSceneTransitionExampleTests.swift in Sources */,
			);
			runOnlyForDeploymentPostprocessing = 0;
		};
/* End PBXSourcesBuildPhase section */

/* Begin PBXTargetDependency section */
		3D38C2041B5449D7007B15D1 /* PBXTargetDependency */ = {
			isa = PBXTargetDependency;
			target = 3D38C1E81B5449D7007B15D1 /* ShaderSceneTransitionExample */;
			targetProxy = 3D38C2031B5449D7007B15D1 /* PBXContainerItemProxy */;
		};
/* End PBXTargetDependency section */

/* Begin PBXVariantGroup section */
		3D38C1F61B5449D7007B15D1 /* Main.storyboard */ = {
			isa = PBXVariantGroup;
			children = (
				3D38C1F71B5449D7007B15D1 /* Base */,
			);
			name = Main.storyboard;
			sourceTree = "<group>";
		};
		3D38C1FB1B5449D7007B15D1 /* LaunchScreen.xib */ = {
			isa = PBXVariantGroup;
			children = (
				3D38C1FC1B5449D7007B15D1 /* Base */,
			);
			name = LaunchScreen.xib;
			sourceTree = "<group>";
		};
/* End PBXVariantGroup section */

/* Begin XCBuildConfiguration section */
		3D38C20A1B5449D7007B15D1 /* Debug */ = {
			isa = XCBuildConfiguration;
			buildSettings = {
				ALWAYS_SEARCH_USER_PATHS = NO;
				CLANG_CXX_LANGUAGE_STANDARD = "gnu++0x";
				CLANG_CXX_LIBRARY = "libc++";
				CLANG_ENABLE_MODULES = YES;
				CLANG_ENABLE_OBJC_ARC = YES;
				CLANG_WARN_BOOL_CONVERSION = YES;
				CLANG_WARN_CONSTANT_CONVERSION = YES;
				CLANG_WARN_DIRECT_OBJC_ISA_USAGE = YES_ERROR;
				CLANG_WARN_EMPTY_BODY = YES;
				CLANG_WARN_ENUM_CONVERSION = YES;
				CLANG_WARN_INT_CONVERSION = YES;
				CLANG_WARN_OBJC_ROOT_CLASS = YES_ERROR;
				CLANG_WARN_UNREACHABLE_CODE = YES;
				CLANG_WARN__DUPLICATE_METHOD_MATCH = YES;
				"CODE_SIGN_IDENTITY[sdk=iphoneos*]" = "iPhone Developer";
				COPY_PHASE_STRIP = NO;
				DEBUG_INFORMATION_FORMAT = "dwarf-with-dsym";
				ENABLE_STRICT_OBJC_MSGSEND = YES;
				GCC_C_LANGUAGE_STANDARD = gnu99;
				GCC_DYNAMIC_NO_PIC = NO;
				GCC_NO_COMMON_BLOCKS = YES;
				GCC_OPTIMIZATION_LEVEL = 0;
				GCC_PREPROCESSOR_DEFINITIONS = (
					"DEBUG=1",
					"$(inherited)",
				);
				GCC_SYMBOLS_PRIVATE_EXTERN = NO;
				GCC_WARN_64_TO_32_BIT_CONVERSION = YES;
				GCC_WARN_ABOUT_RETURN_TYPE = YES_ERROR;
				GCC_WARN_UNDECLARED_SELECTOR = YES;
				GCC_WARN_UNINITIALIZED_AUTOS = YES_AGGRESSIVE;
				GCC_WARN_UNUSED_FUNCTION = YES;
				GCC_WARN_UNUSED_VARIABLE = YES;
				IPHONEOS_DEPLOYMENT_TARGET = 8.4;
				MTL_ENABLE_DEBUG_INFO = YES;
				ONLY_ACTIVE_ARCH = YES;
				SDKROOT = iphoneos;
				SWIFT_OPTIMIZATION_LEVEL = "-Onone";
				TARGETED_DEVICE_FAMILY = "1,2";
			};
			name = Debug;
		};
		3D38C20B1B5449D7007B15D1 /* Release */ = {
			isa = XCBuildConfiguration;
			buildSettings = {
				ALWAYS_SEARCH_USER_PATHS = NO;
				CLANG_CXX_LANGUAGE_STANDARD = "gnu++0x";
				CLANG_CXX_LIBRARY = "libc++";
				CLANG_ENABLE_MODULES = YES;
				CLANG_ENABLE_OBJC_ARC = YES;
				CLANG_WARN_BOOL_CONVERSION = YES;
				CLANG_WARN_CONSTANT_CONVERSION = YES;
				CLANG_WARN_DIRECT_OBJC_ISA_USAGE = YES_ERROR;
				CLANG_WARN_EMPTY_BODY = YES;
				CLANG_WARN_ENUM_CONVERSION = YES;
				CLANG_WARN_INT_CONVERSION = YES;
				CLANG_WARN_OBJC_ROOT_CLASS = YES_ERROR;
				CLANG_WARN_UNREACHABLE_CODE = YES;
				CLANG_WARN__DUPLICATE_METHOD_MATCH = YES;
				"CODE_SIGN_IDENTITY[sdk=iphoneos*]" = "iPhone Developer";
				COPY_PHASE_STRIP = NO;
				DEBUG_INFORMATION_FORMAT = "dwarf-with-dsym";
				ENABLE_NS_ASSERTIONS = NO;
				ENABLE_STRICT_OBJC_MSGSEND = YES;
				GCC_C_LANGUAGE_STANDARD = gnu99;
				GCC_NO_COMMON_BLOCKS = YES;
				GCC_WARN_64_TO_32_BIT_CONVERSION = YES;
				GCC_WARN_ABOUT_RETURN_TYPE = YES_ERROR;
				GCC_WARN_UNDECLARED_SELECTOR = YES;
				GCC_WARN_UNINITIALIZED_AUTOS = YES_AGGRESSIVE;
				GCC_WARN_UNUSED_FUNCTION = YES;
				GCC_WARN_UNUSED_VARIABLE = YES;
				IPHONEOS_DEPLOYMENT_TARGET = 8.4;
				MTL_ENABLE_DEBUG_INFO = NO;
				SDKROOT = iphoneos;
				TARGETED_DEVICE_FAMILY = "1,2";
				VALIDATE_PRODUCT = YES;
			};
			name = Release;
		};
		3D38C20D1B5449D7007B15D1 /* Debug */ = {
			isa = XCBuildConfiguration;
			buildSettings = {
				ASSETCATALOG_COMPILER_APPICON_NAME = AppIcon;
				INFOPLIST_FILE = ShaderSceneTransitionExample/Info.plist;
				LD_RUNPATH_SEARCH_PATHS = "$(inherited) @executable_path/Frameworks";
				PRODUCT_NAME = "$(TARGET_NAME)";
			};
			name = Debug;
		};
		3D38C20E1B5449D7007B15D1 /* Release */ = {
			isa = XCBuildConfiguration;
			buildSettings = {
				ASSETCATALOG_COMPILER_APPICON_NAME = AppIcon;
				INFOPLIST_FILE = ShaderSceneTransitionExample/Info.plist;
				LD_RUNPATH_SEARCH_PATHS = "$(inherited) @executable_path/Frameworks";
				PRODUCT_NAME = "$(TARGET_NAME)";
			};
			name = Release;
		};
		3D38C2101B5449D7007B15D1 /* Debug */ = {
			isa = XCBuildConfiguration;
			buildSettings = {
				BUNDLE_LOADER = "$(TEST_HOST)";
				FRAMEWORK_SEARCH_PATHS = (
					"$(SDKROOT)/Developer/Library/Frameworks",
					"$(inherited)",
				);
				GCC_PREPROCESSOR_DEFINITIONS = (
					"DEBUG=1",
					"$(inherited)",
				);
				INFOPLIST_FILE = ShaderSceneTransitionExampleTests/Info.plist;
				LD_RUNPATH_SEARCH_PATHS = "$(inherited) @executable_path/Frameworks @loader_path/Frameworks";
				PRODUCT_NAME = "$(TARGET_NAME)";
				TEST_HOST = "$(BUILT_PRODUCTS_DIR)/ShaderSceneTransitionExample.app/ShaderSceneTransitionExample";
			};
			name = Debug;
		};
		3D38C2111B5449D7007B15D1 /* Release */ = {
			isa = XCBuildConfiguration;
			buildSettings = {
				BUNDLE_LOADER = "$(TEST_HOST)";
				FRAMEWORK_SEARCH_PATHS = (
					"$(SDKROOT)/Developer/Library/Frameworks",
					"$(inherited)",
				);
				INFOPLIST_FILE = ShaderSceneTransitionExampleTests/Info.plist;
				LD_RUNPATH_SEARCH_PATHS = "$(inherited) @executable_path/Frameworks @loader_path/Frameworks";
				PRODUCT_NAME = "$(TARGET_NAME)";
				TEST_HOST = "$(BUILT_PRODUCTS_DIR)/ShaderSceneTransitionExample.app/ShaderSceneTransitionExample";
			};
			name = Release;
		};
/* End XCBuildConfiguration section */

/* Begin XCConfigurationList section */
		3D38C1E41B5449D7007B15D1 /* Build configuration list for PBXProject "ShaderSceneTransitionExample" */ = {
			isa = XCConfigurationList;
			buildConfigurations = (
				3D38C20A1B5449D7007B15D1 /* Debug */,
				3D38C20B1B5449D7007B15D1 /* Release */,
			);
			defaultConfigurationIsVisible = 0;
			defaultConfigurationName = Release;
		};
		3D38C20C1B5449D7007B15D1 /* Build configuration list for PBXNativeTarget "ShaderSceneTransitionExample" */ = {
			isa = XCConfigurationList;
			buildConfigurations = (
				3D38C20D1B5449D7007B15D1 /* Debug */,
				3D38C20E1B5449D7007B15D1 /* Release */,
			);
			defaultConfigurationIsVisible = 0;
			defaultConfigurationName = Release;
		};
		3D38C20F1B5449D7007B15D1 /* Build configuration list for PBXNativeTarget "ShaderSceneTransitionExampleTests" */ = {
			isa = XCConfigurationList;
			buildConfigurations = (
				3D38C2101B5449D7007B15D1 /* Debug */,
				3D38C2111B5449D7007B15D1 /* Release */,
			);
			defaultConfigurationIsVisible = 0;
			defaultConfigurationName = Release;
		};
/* End XCConfigurationList section */
	};
	rootObject = 3D38C1E11B5449D7007B15D1 /* Project object */;
}
